PODS:
  - Capacitor (7.4.4):
    - CapacitorCordova
  - CapacitorApp (7.1.0):
    - Capacitor
  - CapacitorBrowser (7.0.2):
    - Capacitor
  - CapacitorClipboard (7.0.2):
    - Capacitor
  - CapacitorCommunityKeepAwake (7.1.0):
    - Capacitor
  - CapacitorCordova (7.4.4)
  - CapacitorDevice (7.0.2):
    - Capacitor
  - CapacitorFirebaseAuthentication (7.4.0):
    - Capacitor
    - CapacitorFirebaseAuthentication/Lite (= 7.4.0)
    - FirebaseAuth (~> 11.7.0)
  - CapacitorFirebaseAuthentication/Lite (7.4.0):
    - Capacitor
    - FirebaseAuth (~> 11.7.0)
  - CapacitorHaptics (7.0.2):
    - Capacitor
  - CapacitorMlkitBarcodeScanning (7.4.0):
    - Capacitor
    - GoogleMLKit/BarcodeScanning (= 7.0.0)
  - CapacitorPluginSafeArea (4.0.3):
    - Capacitor
  - CapacitorPreferences (7.0.2):
    - Capacitor
  - CapacitorScreenReader (7.0.2):
    - Capacitor
  - CapacitorShare (7.0.2):
    - Capacitor
  - CapacitorStatusBar (7.0.3):
    - Capacitor
  - CapacitorTextZoom (7.0.2):
    - Capacitor
  - CapawesomeTeamCapacitorNfc (7.3.0):
    - Capacitor
  - CapgoCapacitorShake (7.2.19):
    - Capacitor
  - FirebaseAppCheckInterop (11.15.0)
  - FirebaseAuth (11.7.0):
    - FirebaseAppCheckInterop (~> 11.0)
    - FirebaseAuthInterop (~> 11.0)
    - FirebaseCore (~> 11.7.0)
    - FirebaseCoreExtension (~> 11.7.0)
    - GoogleUtilities/AppDelegateSwizzler (~> 8.0)
    - GoogleUtilities/Environment (~> 8.0)
    - GTMSessionFetcher/Core (< 5.0, >= 3.4)
    - RecaptchaInterop (~> 100.0)
  - FirebaseAuthInterop (11.15.0)
  - FirebaseCore (11.7.0):
    - FirebaseCoreInternal (~> 11.7.0)
    - GoogleUtilities/Environment (~> 8.0)
    - GoogleUtilities/Logger (~> 8.0)
  - FirebaseCoreExtension (11.7.0):
    - FirebaseCore (~> 11.7.0)
  - FirebaseCoreInternal (11.7.0):
    - "GoogleUtilities/NSData+zlib (~> 8.0)"
  - GoogleDataTransport (10.1.0):
    - nanopb (~> 3.30910.0)
    - PromisesObjC (~> 2.4)
  - GoogleMLKit/BarcodeScanning (7.0.0):
    - GoogleMLKit/MLKitCore
    - MLKitBarcodeScanning (~> 6.0.0)
  - GoogleMLKit/MLKitCore (7.0.0):
    - MLKitCommon (~> 12.0.0)
  - GoogleToolboxForMac/Defines (4.2.1)
  - GoogleToolboxForMac/Logger (4.2.1):
    - GoogleToolboxForMac/Defines (= 4.2.1)
  - "GoogleToolboxForMac/NSData+zlib (4.2.1)":
    - GoogleToolboxForMac/Defines (= 4.2.1)
  - GoogleUtilities/AppDelegateSwizzler (8.1.0):
    - GoogleUtilities/Environment
    - GoogleUtilities/Logger
    - GoogleUtilities/Network
    - GoogleUtilities/Privacy
  - GoogleUtilities/Environment (8.1.0):
    - GoogleUtilities/Privacy
  - GoogleUtilities/Logger (8.1.0):
    - GoogleUtilities/Environment
    - GoogleUtilities/Privacy
  - GoogleUtilities/Network (8.1.0):
    - GoogleUtilities/Logger
    - "GoogleUtilities/NSData+zlib"
    - GoogleUtilities/Privacy
    - GoogleUtilities/Reachability
  - "GoogleUtilities/NSData+zlib (8.1.0)":
    - GoogleUtilities/Privacy
  - GoogleUtilities/Privacy (8.1.0)
  - GoogleUtilities/Reachability (8.1.0):
    - GoogleUtilities/Logger
    - GoogleUtilities/Privacy
  - GoogleUtilities/UserDefaults (8.1.0):
    - GoogleUtilities/Logger
    - GoogleUtilities/Privacy
  - GTMSessionFetcher/Core (3.5.0)
  - MLImage (1.0.0-beta6)
  - MLKitBarcodeScanning (6.0.0):
    - MLKitCommon (~> 12.0)
    - MLKitVision (~> 8.0)
  - MLKitCommon (12.0.0):
    - GoogleDataTransport (~> 10.0)
    - GoogleToolboxForMac/Logger (< 5.0, >= 4.2.1)
    - "GoogleToolboxForMac/NSData+zlib (< 5.0, >= 4.2.1)"
    - GoogleUtilities/Logger (~> 8.0)
    - GoogleUtilities/UserDefaults (~> 8.0)
    - GTMSessionFetcher/Core (< 4.0, >= 3.3.2)
  - MLKitVision (8.0.0):
    - GoogleToolboxForMac/Logger (< 5.0, >= 4.2.1)
    - "GoogleToolboxForMac/NSData+zlib (< 5.0, >= 4.2.1)"
    - GTMSessionFetcher/Core (< 4.0, >= 3.3.2)
    - MLImage (= 1.0.0-beta6)
    - MLKitCommon (~> 12.0)
  - nanopb (3.30910.0):
    - nanopb/decode (= 3.30910.0)
    - nanopb/encode (= 3.30910.0)
  - nanopb/decode (3.30910.0)
  - nanopb/encode (3.30910.0)
  - PromisesObjC (2.4.0)
  - PurchasesHybridCommon (17.21.0):
    - RevenueCat (= 5.49.0)
  - RecaptchaInterop (100.0.0)
  - RevenueCat (5.49.0)
  - RevenuecatPurchasesCapacitor (11.2.16):
    - Capacitor
    - PurchasesHybridCommon (= 17.21.0)

DEPENDENCIES:
  - "Capacitor (from `../../node_modules/.pnpm/@capacitor+ios@7.4.4_@capacitor+core@7.4.4/node_modules/@capacitor/ios`)"
  - "CapacitorApp (from `../../node_modules/.pnpm/@capacitor+app@7.1.0_@capacitor+core@7.4.4/node_modules/@capacitor/app`)"
  - "CapacitorBrowser (from `../../node_modules/.pnpm/@capacitor+browser@7.0.2_@capacitor+core@7.4.4/node_modules/@capacitor/browser`)"
  - "CapacitorClipboard (from `../../node_modules/.pnpm/@capacitor+clipboard@7.0.2_@capacitor+core@7.4.4/node_modules/@capacitor/clipboard`)"
  - "CapacitorCommunityKeepAwake (from `../../node_modules/.pnpm/@capacitor-community+keep-awake@7.1.0_@capacitor+core@7.4.4/node_modules/@capacitor-community/keep-awake`)"
  - "CapacitorCordova (from `../../node_modules/.pnpm/@capacitor+ios@7.4.4_@capacitor+core@7.4.4/node_modules/@capacitor/ios`)"
  - "CapacitorDevice (from `../../node_modules/.pnpm/@capacitor+device@7.0.2_@capacitor+core@7.4.4/node_modules/@capacitor/device`)"
  - "CapacitorFirebaseAuthentication (from `../../node_modules/.pnpm/@capacitor-firebase+authentication@7.4.0_@capacitor+core@7.4.4_firebase@11.10.0/node_modules/@capacitor-firebase/authentication`)"
  - "CapacitorHaptics (from `../../node_modules/.pnpm/@capacitor+haptics@7.0.2_@capacitor+core@7.4.4/node_modules/@capacitor/haptics`)"
  - "CapacitorMlkitBarcodeScanning (from `../../node_modules/.pnpm/@capacitor-mlkit+barcode-scanning@7.4.0_@capacitor+core@7.4.4/node_modules/@capacitor-mlkit/barcode-scanning`)"
  - "CapacitorPluginSafeArea (from `../../node_modules/.pnpm/capacitor-plugin-safe-area@4.0.3_@capacitor+core@7.4.4/node_modules/capacitor-plugin-safe-area`)"
  - "CapacitorPreferences (from `../../node_modules/.pnpm/@capacitor+preferences@7.0.2_@capacitor+core@7.4.4/node_modules/@capacitor/preferences`)"
  - "CapacitorScreenReader (from `../../node_modules/.pnpm/@capacitor+screen-reader@7.0.2_@capacitor+core@7.4.4/node_modules/@capacitor/screen-reader`)"
  - "CapacitorShare (from `../../node_modules/.pnpm/@capacitor+share@7.0.2_@capacitor+core@7.4.4/node_modules/@capacitor/share`)"
  - "CapacitorStatusBar (from `../../node_modules/.pnpm/@capacitor+status-bar@7.0.3_@capacitor+core@7.4.4/node_modules/@capacitor/status-bar`)"
  - "CapacitorTextZoom (from `../../node_modules/.pnpm/@capacitor+text-zoom@7.0.2_@capacitor+core@7.4.4/node_modules/@capacitor/text-zoom`)"
  - "CapawesomeTeamCapacitorNfc (from `../../node_modules/.pnpm/@capawesome-team+capacitor-nfc@7.3.0_@capacitor+core@7.4.4/node_modules/@capawesome-team/capacitor-nfc`)"
  - "CapgoCapacitorShake (from `../../node_modules/.pnpm/@capgo+capacitor-shake@7.2.19_@capacitor+core@7.4.4/node_modules/@capgo/capacitor-shake`)"
  - "RevenuecatPurchasesCapacitor (from `../../node_modules/.pnpm/@revenuecat+purchases-capacitor@11.2.16_@capacitor+core@7.4.4/node_modules/@revenuecat/purchases-capacitor`)"

SPEC REPOS:
  trunk:
    - FirebaseAppCheckInterop
    - FirebaseAuth
    - FirebaseAuthInterop
    - FirebaseCore
    - FirebaseCoreExtension
    - FirebaseCoreInternal
    - GoogleDataTransport
    - GoogleMLKit
    - GoogleToolboxForMac
    - GoogleUtilities
    - GTMSessionFetcher
    - MLImage
    - MLKitBarcodeScanning
    - MLKitCommon
    - MLKitVision
    - nanopb
    - PromisesObjC
    - PurchasesHybridCommon
    - RecaptchaInterop
    - RevenueCat

EXTERNAL SOURCES:
  Capacitor:
    :path: "../../node_modules/.pnpm/@capacitor+ios@7.4.4_@capacitor+core@7.4.4/node_modules/@capacitor/ios"
  CapacitorApp:
    :path: "../../node_modules/.pnpm/@capacitor+app@7.1.0_@capacitor+core@7.4.4/node_modules/@capacitor/app"
  CapacitorBrowser:
    :path: "../../node_modules/.pnpm/@capacitor+browser@7.0.2_@capacitor+core@7.4.4/node_modules/@capacitor/browser"
  CapacitorClipboard:
    :path: "../../node_modules/.pnpm/@capacitor+clipboard@7.0.2_@capacitor+core@7.4.4/node_modules/@capacitor/clipboard"
  CapacitorCommunityKeepAwake:
    :path: "../../node_modules/.pnpm/@capacitor-community+keep-awake@7.1.0_@capacitor+core@7.4.4/node_modules/@capacitor-community/keep-awake"
  CapacitorCordova:
    :path: "../../node_modules/.pnpm/@capacitor+ios@7.4.4_@capacitor+core@7.4.4/node_modules/@capacitor/ios"
  CapacitorDevice:
    :path: "../../node_modules/.pnpm/@capacitor+device@7.0.2_@capacitor+core@7.4.4/node_modules/@capacitor/device"
  CapacitorFirebaseAuthentication:
    :path: "../../node_modules/.pnpm/@capacitor-firebase+authentication@7.4.0_@capacitor+core@7.4.4_firebase@11.10.0/node_modules/@capacitor-firebase/authentication"
  CapacitorHaptics:
    :path: "../../node_modules/.pnpm/@capacitor+haptics@7.0.2_@capacitor+core@7.4.4/node_modules/@capacitor/haptics"
  CapacitorMlkitBarcodeScanning:
    :path: "../../node_modules/.pnpm/@capacitor-mlkit+barcode-scanning@7.4.0_@capacitor+core@7.4.4/node_modules/@capacitor-mlkit/barcode-scanning"
  CapacitorPluginSafeArea:
    :path: "../../node_modules/.pnpm/capacitor-plugin-safe-area@4.0.3_@capacitor+core@7.4.4/node_modules/capacitor-plugin-safe-area"
  CapacitorPreferences:
    :path: "../../node_modules/.pnpm/@capacitor+preferences@7.0.2_@capacitor+core@7.4.4/node_modules/@capacitor/preferences"
  CapacitorScreenReader:
    :path: "../../node_modules/.pnpm/@capacitor+screen-reader@7.0.2_@capacitor+core@7.4.4/node_modules/@capacitor/screen-reader"
  CapacitorShare:
    :path: "../../node_modules/.pnpm/@capacitor+share@7.0.2_@capacitor+core@7.4.4/node_modules/@capacitor/share"
  CapacitorStatusBar:
    :path: "../../node_modules/.pnpm/@capacitor+status-bar@7.0.3_@capacitor+core@7.4.4/node_modules/@capacitor/status-bar"
  CapacitorTextZoom:
    :path: "../../node_modules/.pnpm/@capacitor+text-zoom@7.0.2_@capacitor+core@7.4.4/node_modules/@capacitor/text-zoom"
  CapawesomeTeamCapacitorNfc:
    :path: "../../node_modules/.pnpm/@capawesome-team+capacitor-nfc@7.3.0_@capacitor+core@7.4.4/node_modules/@capawesome-team/capacitor-nfc"
  CapgoCapacitorShake:
    :path: "../../node_modules/.pnpm/@capgo+capacitor-shake@7.2.19_@capacitor+core@7.4.4/node_modules/@capgo/capacitor-shake"
  RevenuecatPurchasesCapacitor:
    :path: "../../node_modules/.pnpm/@revenuecat+purchases-capacitor@11.2.16_@capacitor+core@7.4.4/node_modules/@revenuecat/purchases-capacitor"

SPEC CHECKSUMS:
  Capacitor: 09d9ff8e9618e8c4b3cab2bbee34a17215dd2fef
  CapacitorApp: 846d4b4a1dbb19dd1e9029c08ba6f028aa7be862
  CapacitorBrowser: 45c681e7abc3b4384e54eb52bafeef1347d98fa8
  CapacitorClipboard: e8b3578b2fce3c4795a5bdf2990b3b7dcef83f65
  CapacitorCommunityKeepAwake: 36e0cfbc6ae293d93f828724e6d5388a5f02ed5a
  CapacitorCordova: bf648a636f3c153f652d312ae145fb508b6ffced
  CapacitorDevice: a50a45f0d075e55e2392c7a4be5404d4f69515de
  CapacitorFirebaseAuthentication: 3d0a776b7dbf39351799c144b30253468ece6495
  CapacitorHaptics: 09d96bcb5a2b74ede8fd039b4cdf58fc43dcacf1
  CapacitorMlkitBarcodeScanning: 3da6ad386abfd58dce3736ee506184aab1275aa3
  CapacitorPluginSafeArea: 0b05430642c0da92b5f174e900ccecf39a71e2c3
  CapacitorPreferences: b583b5deb74e564c35968189d25d32c0fd41200d
  CapacitorScreenReader: 5d2b8326d8a13666ac08ddddaf35af086384ed80
  CapacitorShare: 051c3ceee0ddf3bb54574851a622bbb317eed5bd
  CapacitorStatusBar: 7d8fcbd6768db014bd721d75e246590b014928e8
  CapacitorTextZoom: b333ea3d12bc982efc521086ac0e4ae5dca8eb03
  CapawesomeTeamCapacitorNfc: 8f4364d9c77c8ab2858e312ba7baabf53492da88
  CapgoCapacitorShake: f2f2fdf8d10e450f602a6d31202125864ff72dd1
  FirebaseAppCheckInterop: 06fe5a3799278ae4667e6c432edd86b1030fa3df
  FirebaseAuth: 77e25aa24f3e1c626c5babd3338551fc1669ee0e
  FirebaseAuthInterop: 7087d7a4ee4bc4de019b2d0c240974ed5d89e2fd
  FirebaseCore: 3227e35f4197a924206fbcdc0349325baf4f5de4
  FirebaseCoreExtension: 206c1b399f0d103055207c16f299b28e3dbd1949
  FirebaseCoreInternal: d6c17dafc8dc33614733a8b52df78fcb4394c881
  GoogleDataTransport: aae35b7ea0c09004c3797d53c8c41f66f219d6a7
  GoogleMLKit: eff9e23ec1d90ea4157a1ee2e32a4f610c5b3318
  GoogleToolboxForMac: d1a2cbf009c453f4d6ded37c105e2f67a32206d8
  GoogleUtilities: 00c88b9a86066ef77f0da2fab05f65d7768ed8e1
  GTMSessionFetcher: 5aea5ba6bd522a239e236100971f10cb71b96ab6
  MLImage: 0ad1c5f50edd027672d8b26b0fee78a8b4a0fc56
  MLKitBarcodeScanning: 0a3064da0a7f49ac24ceb3cb46a5bc67496facd2
  MLKitCommon: 07c2c33ae5640e5380beaaa6e4b9c249a205542d
  MLKitVision: 45e79d68845a2de77e2dd4d7f07947f0ed157b0e
  nanopb: fad817b59e0457d11a5dfbde799381cd727c1275
  PromisesObjC: f5707f49cb48b9636751c5b2e7d227e43fba9f47
  PurchasesHybridCommon: 988d080cd69d7aa0895e52f993dae53b45a0e929
  RecaptchaInterop: 7d1a4a01a6b2cb1610a47ef3f85f0c411434cb21
  RevenueCat: fa9ad7e1c8817deddb737646946b6b3d8b25f54b
  RevenuecatPurchasesCapacitor: b6b2edc502f419a22facde96874a9ff0000bf15e

PODFILE CHECKSUM: 2dc0c3777af0d8a962df553d165325c1f211f08a

COCOAPODS: 1.16.2
